
Microsoft Visual Studio Solution File, Format Version 12.00
# Visual Studio Version 16
VisualStudioVersion = 16.0.30011.22
MinimumVisualStudioVersion = 10.0.40219.1
Project("{FAE04EC0-301F-11D3-BF4B-00C04F79EFBC}") = "GC MVC Countries", "GC MVC Countries\GC MVC Countries.csproj", "{BD698A7B-EDFB-4821-BBC0-EDC9FD57D2EE}"
EndProject
Global
	GlobalSection(SolutionConfigurationPlatforms) = preSolution
		Debug|Any CPU = Debug|Any CPU
		Release|Any CPU = Release|Any CPU
	EndGlobalSection
	GlobalSection(ProjectConfigurationPlatforms) = postSolution
		{BD698A7B-EDFB-4821-BBC0-EDC9FD57D2EE}.Debug|Any CPU.ActiveCfg = Debug|Any CPU
		{BD698A7B-EDFB-4821-BBC0-EDC9FD57D2EE}.Debug|Any CPU.Build.0 = Debug|Any CPU
		{BD698A7B-EDFB-4821-BBC0-EDC9FD57D2EE}.Release|Any CPU.ActiveCfg = Release|Any CPU
		{BD698A7B-EDFB-4821-BBC0-EDC9FD57D2EE}.Release|Any CPU.Build.0 = Release|Any CPU
	EndGlobalSection
	GlobalSection(SolutionProperties) = preSolution
		HideSolutionNode = FALSE
	EndGlobalSection
	GlobalSection(ExtensibilityGlobals) = postSolution
		SolutionGuid = {8AD730BC-EE1C-4A08-9997-C77FDFF9FB1C}
	EndGlobalSection
EndGlobal
